
Microsoft Visual Studio Solution File, Format Version 11.00
# Visual Studio 2010
Project("{FAE04EC0-301F-11D3-BF4B-00C04F79EFBC}") = "Mosaic.Business", "Mosaic.Business\Mosaic.Business.csproj", "{256182C8-86B2-4AEB-A8DE-B5E567D3495E}"
EndProject
Project("{FAE04EC0-301F-11D3-BF4B-00C04F79EFBC}") = "Mosaic.Test", "Mosaic.Test\Mosaic.Test.csproj", "{529BD726-F7D6-4D39-ACF6-5786D7A51560}"
EndProject
Global
	GlobalSection(SolutionConfigurationPlatforms) = preSolution
		Debug|Any CPU = Debug|Any CPU
		Release|Any CPU = Release|Any CPU
	EndGlobalSection
	GlobalSection(ProjectConfigurationPlatforms) = postSolution
		{256182C8-86B2-4AEB-A8DE-B5E567D3495E}.Debug|Any CPU.ActiveCfg = Debug|Any CPU
		{256182C8-86B2-4AEB-A8DE-B5E567D3495E}.Debug|Any CPU.Build.0 = Debug|Any CPU
		{256182C8-86B2-4AEB-A8DE-B5E567D3495E}.Release|Any CPU.ActiveCfg = Release|Any CPU
		{256182C8-86B2-4AEB-A8DE-B5E567D3495E}.Release|Any CPU.Build.0 = Release|Any CPU
		{529BD726-F7D6-4D39-ACF6-5786D7A51560}.Debug|Any CPU.ActiveCfg = Debug|Any CPU
		{529BD726-F7D6-4D39-ACF6-5786D7A51560}.Debug|Any CPU.Build.0 = Debug|Any CPU
		{529BD726-F7D6-4D39-ACF6-5786D7A51560}.Release|Any CPU.ActiveCfg = Release|Any CPU
		{529BD726-F7D6-4D39-ACF6-5786D7A51560}.Release|Any CPU.Build.0 = Release|Any CPU
	EndGlobalSection
	GlobalSection(SolutionProperties) = preSolution
		HideSolutionNode = FALSE
	EndGlobalSection
EndGlobal
